// !$*UTF8*$!
{
	archiveVersion = 1;
	classes = {
	};
	objectVersion = 50;
	objects = {

/* Begin PBXBuildFile section */
		2CCCDD92C8F4886EE0EC599F /* libPods-PruebaTecnica.a in Frameworks */ = {isa = PBXBuildFile; fileRef = 758E054A83F71A05FC69A6B8 /* libPods-PruebaTecnica.a */; };
		82C087FC242B580B00F50DD1 /* AppDelegate.swift in Sources */ = {isa = PBXBuildFile; fileRef = 82C087FB242B580B00F50DD1 /* AppDelegate.swift */; };
		82C08800242B580B00F50DD1 /* HomeVC.swift in Sources */ = {isa = PBXBuildFile; fileRef = 82C087FF242B580B00F50DD1 /* HomeVC.swift */; };
		82C08808242B580C00F50DD1 /* LaunchScreen.storyboard in Resources */ = {isa = PBXBuildFile; fileRef = 82C08806242B580C00F50DD1 /* LaunchScreen.storyboard */; };
		82C08813242B580D00F50DD1 /* PruebaTecnicaTests.swift in Sources */ = {isa = PBXBuildFile; fileRef = 82C08812242B580D00F50DD1 /* PruebaTecnicaTests.swift */; };
		82C0881F242B5F8500F50DD1 /* Movie.swift in Sources */ = {isa = PBXBuildFile; fileRef = 82C0881E242B5F8500F50DD1 /* Movie.swift */; };
		82C08821242B61D900F50DD1 /* Genres.swift in Sources */ = {isa = PBXBuildFile; fileRef = 82C08820242B61D900F50DD1 /* Genres.swift */; };
		82C08823242B61ED00F50DD1 /* Movies.swift in Sources */ = {isa = PBXBuildFile; fileRef = 82C08822242B61ED00F50DD1 /* Movies.swift */; };
		82C08825242B61FE00F50DD1 /* Genre.swift in Sources */ = {isa = PBXBuildFile; fileRef = 82C08824242B61FE00F50DD1 /* Genre.swift */; };
		82C08827242B63A200F50DD1 /* Constants.swift in Sources */ = {isa = PBXBuildFile; fileRef = 82C08826242B63A200F50DD1 /* Constants.swift */; };
		82C08829242B646000F50DD1 /* Network.swift in Sources */ = {isa = PBXBuildFile; fileRef = 82C08828242B646000F50DD1 /* Network.swift */; };
		82C0882D242B929900F50DD1 /* HomeViewModel.swift in Sources */ = {isa = PBXBuildFile; fileRef = 82C0882C242B929900F50DD1 /* HomeViewModel.swift */; };
		82C08830242B993700F50DD1 /* TableViewVC.swift in Sources */ = {isa = PBXBuildFile; fileRef = 82C0882F242B993700F50DD1 /* TableViewVC.swift */; };
		82C08835242B9BB600F50DD1 /* MoviesTableViewCell.xib in Resources */ = {isa = PBXBuildFile; fileRef = 82C08833242B9BB600F50DD1 /* MoviesTableViewCell.xib */; };
		82C08836242B9BB600F50DD1 /* MoviesTableViewCell.swift in Sources */ = {isa = PBXBuildFile; fileRef = 82C08834242B9BB600F50DD1 /* MoviesTableViewCell.swift */; };
		82C08838242BD60F00F50DD1 /* InfoVC.swift in Sources */ = {isa = PBXBuildFile; fileRef = 82C08837242BD60F00F50DD1 /* InfoVC.swift */; };
		82C0883A242C2F2000F50DD1 /* InfoViewModel.swift in Sources */ = {isa = PBXBuildFile; fileRef = 82C08839242C2F2000F50DD1 /* InfoViewModel.swift */; };
		D266BFE1751AB7E5D497A10C /* libPods-PruebaTecnicaTests.a in Frameworks */ = {isa = PBXBuildFile; fileRef = 7578D22FA08447C394B14431 /* libPods-PruebaTecnicaTests.a */; };
/* End PBXBuildFile section */

/* Begin PBXContainerItemProxy section */
		82C0880F242B580D00F50DD1 /* PBXContainerItemProxy */ = {
			isa = PBXContainerItemProxy;
			containerPortal = 82C087F0242B580B00F50DD1 /* Project object */;
			proxyType = 1;
			remoteGlobalIDString = 82C087F7242B580B00F50DD1;
			remoteInfo = PruebaTecnica;
		};
/* End PBXContainerItemProxy section */

/* Begin PBXFileReference section */
		7578D22FA08447C394B14431 /* libPods-PruebaTecnicaTests.a */ = {isa = PBXFileReference; explicitFileType = archive.ar; includeInIndex = 0; path = "libPods-PruebaTecnicaTests.a"; sourceTree = BUILT_PRODUCTS_DIR; };
		758E054A83F71A05FC69A6B8 /* libPods-PruebaTecnica.a */ = {isa = PBXFileReference; explicitFileType = archive.ar; includeInIndex = 0; path = "libPods-PruebaTecnica.a"; sourceTree = BUILT_PRODUCTS_DIR; };
		82C087F8242B580B00F50DD1 /* PruebaTecnica.app */ = {isa = PBXFileReference; explicitFileType = wrapper.application; includeInIndex = 0; path = PruebaTecnica.app; sourceTree = BUILT_PRODUCTS_DIR; };
		82C087FB242B580B00F50DD1 /* AppDelegate.swift */ = {isa = PBXFileReference; lastKnownFileType = sourcecode.swift; path = AppDelegate.swift; sourceTree = "<group>"; };
		82C087FF242B580B00F50DD1 /* HomeVC.swift */ = {isa = PBXFileReference; lastKnownFileType = sourcecode.swift; path = HomeVC.swift; sourceTree = "<group>"; };
		82C08807242B580C00F50DD1 /* Base */ = {isa = PBXFileReference; lastKnownFileType = file.storyboard; name = Base; path = Base.lproj/LaunchScreen.storyboard; sourceTree = "<group>"; };
		82C08809242B580C00F50DD1 /* Info.plist */ = {isa = PBXFileReference; lastKnownFileType = text.plist.xml; path = Info.plist; sourceTree = "<group>"; };
		82C0880E242B580D00F50DD1 /* PruebaTecnicaTests.xctest */ = {isa = PBXFileReference; explicitFileType = wrapper.cfbundle; includeInIndex = 0; path = PruebaTecnicaTests.xctest; sourceTree = BUILT_PRODUCTS_DIR; };
		82C08812242B580D00F50DD1 /* PruebaTecnicaTests.swift */ = {isa = PBXFileReference; lastKnownFileType = sourcecode.swift; path = PruebaTecnicaTests.swift; sourceTree = "<group>"; };
		82C08814242B580D00F50DD1 /* Info.plist */ = {isa = PBXFileReference; lastKnownFileType = text.plist.xml; path = Info.plist; sourceTree = "<group>"; };
		82C0881E242B5F8500F50DD1 /* Movie.swift */ = {isa = PBXFileReference; lastKnownFileType = sourcecode.swift; path = Movie.swift; sourceTree = "<group>"; };
		82C08820242B61D900F50DD1 /* Genres.swift */ = {isa = PBXFileReference; lastKnownFileType = sourcecode.swift; path = Genres.swift; sourceTree = "<group>"; };
		82C08822242B61ED00F50DD1 /* Movies.swift */ = {isa = PBXFileReference; lastKnownFileType = sourcecode.swift; path = Movies.swift; sourceTree = "<group>"; };
		82C08824242B61FE00F50DD1 /* Genre.swift */ = {isa = PBXFileReference; lastKnownFileType = sourcecode.swift; path = Genre.swift; sourceTree = "<group>"; };
		82C08826242B63A200F50DD1 /* Constants.swift */ = {isa = PBXFileReference; lastKnownFileType = sourcecode.swift; path = Constants.swift; sourceTree = "<group>"; };
		82C08828242B646000F50DD1 /* Network.swift */ = {isa = PBXFileReference; lastKnownFileType = sourcecode.swift; path = Network.swift; sourceTree = "<group>"; };
		82C0882C242B929900F50DD1 /* HomeViewModel.swift */ = {isa = PBXFileReference; lastKnownFileType = sourcecode.swift; path = HomeViewModel.swift; sourceTree = "<group>"; };
		82C0882F242B993700F50DD1 /* TableViewVC.swift */ = {isa = PBXFileReference; lastKnownFileType = sourcecode.swift; path = TableViewVC.swift; sourceTree = "<group>"; };
		82C08833242B9BB600F50DD1 /* MoviesTableViewCell.xib */ = {isa = PBXFileReference; lastKnownFileType = file.xib; path = MoviesTableViewCell.xib; sourceTree = "<group>"; };
		82C08834242B9BB600F50DD1 /* MoviesTableViewCell.swift */ = {isa = PBXFileReference; lastKnownFileType = sourcecode.swift; path = MoviesTableViewCell.swift; sourceTree = "<group>"; };
		82C08837242BD60F00F50DD1 /* InfoVC.swift */ = {isa = PBXFileReference; lastKnownFileType = sourcecode.swift; path = InfoVC.swift; sourceTree = "<group>"; };
		82C08839242C2F2000F50DD1 /* InfoViewModel.swift */ = {isa = PBXFileReference; lastKnownFileType = sourcecode.swift; path = InfoViewModel.swift; sourceTree = "<group>"; };
		8F3A4F62CE3269D02C405220 /* Pods-PruebaTecnicaTests.release.xcconfig */ = {isa = PBXFileReference; includeInIndex = 1; lastKnownFileType = text.xcconfig; name = "Pods-PruebaTecnicaTests.release.xcconfig"; path = "Target Support Files/Pods-PruebaTecnicaTests/Pods-PruebaTecnicaTests.release.xcconfig"; sourceTree = "<group>"; };
		BEF4943F317D13266BBD1FE0 /* Pods-PruebaTecnica.release.xcconfig */ = {isa = PBXFileReference; includeInIndex = 1; lastKnownFileType = text.xcconfig; name = "Pods-PruebaTecnica.release.xcconfig"; path = "Target Support Files/Pods-PruebaTecnica/Pods-PruebaTecnica.release.xcconfig"; sourceTree = "<group>"; };
		D57651C1ED4593104B38516F /* Pods-PruebaTecnicaTests.debug.xcconfig */ = {isa = PBXFileReference; includeInIndex = 1; lastKnownFileType = text.xcconfig; name = "Pods-PruebaTecnicaTests.debug.xcconfig"; path = "Target Support Files/Pods-PruebaTecnicaTests/Pods-PruebaTecnicaTests.debug.xcconfig"; sourceTree = "<group>"; };
		F5A32C87CA162358274BBCA0 /* Pods-PruebaTecnica.debug.xcconfig */ = {isa = PBXFileReference; includeInIndex = 1; lastKnownFileType = text.xcconfig; name = "Pods-PruebaTecnica.debug.xcconfig"; path = "Target Support Files/Pods-PruebaTecnica/Pods-PruebaTecnica.debug.xcconfig"; sourceTree = "<group>"; };
/* End PBXFileReference section */

/* Begin PBXFrameworksBuildPhase section */
		82C087F5242B580B00F50DD1 /* Frameworks */ = {
			isa = PBXFrameworksBuildPhase;
			buildActionMask = 2147483647;
			files = (
				2CCCDD92C8F4886EE0EC599F /* libPods-PruebaTecnica.a in Frameworks */,
			);
			runOnlyForDeploymentPostprocessing = 0;
		};
		82C0880B242B580D00F50DD1 /* Frameworks */ = {
			isa = PBXFrameworksBuildPhase;
			buildActionMask = 2147483647;
			files = (
				D266BFE1751AB7E5D497A10C /* libPods-PruebaTecnicaTests.a in Frameworks */,
			);
			runOnlyForDeploymentPostprocessing = 0;
		};
/* End PBXFrameworksBuildPhase section */

/* Begin PBXGroup section */
		82C087EF242B580B00F50DD1 = {
			isa = PBXGroup;
			children = (
				82C087FA242B580B00F50DD1 /* PruebaTecnica */,
				82C08811242B580D00F50DD1 /* PruebaTecnicaTests */,
				82C087F9242B580B00F50DD1 /* Products */,
				BF962E93E3B80529D0E3E165 /* Pods */,
				832F724ABA2F4129533A65C3 /* Frameworks */,
			);
			sourceTree = "<group>";
		};
		82C087F9242B580B00F50DD1 /* Products */ = {
			isa = PBXGroup;
			children = (
				82C087F8242B580B00F50DD1 /* PruebaTecnica.app */,
				82C0880E242B580D00F50DD1 /* PruebaTecnicaTests.xctest */,
			);
			name = Products;
			sourceTree = "<group>";
		};
		82C087FA242B580B00F50DD1 /* PruebaTecnica */ = {
			isa = PBXGroup;
			children = (
				82C0881D242B5F3E00F50DD1 /* Model */,
				82C0882B242B91E000F50DD1 /* ViewModel */,
				82C0882E242B96C300F50DD1 /* View */,
				82C087FB242B580B00F50DD1 /* AppDelegate.swift */,
				82C08806242B580C00F50DD1 /* LaunchScreen.storyboard */,
				82C08809242B580C00F50DD1 /* Info.plist */,
				82C0883B242CD05300F50DD1 /* SupportFiles */,
			);
			path = PruebaTecnica;
			sourceTree = "<group>";
		};
		82C08811242B580D00F50DD1 /* PruebaTecnicaTests */ = {
			isa = PBXGroup;
			children = (
				82C08812242B580D00F50DD1 /* PruebaTecnicaTests.swift */,
				82C08814242B580D00F50DD1 /* Info.plist */,
			);
			path = PruebaTecnicaTests;
			sourceTree = "<group>";
		};
		82C0881D242B5F3E00F50DD1 /* Model */ = {
			isa = PBXGroup;
			children = (
				82C0881E242B5F8500F50DD1 /* Movie.swift */,
				82C08820242B61D900F50DD1 /* Genres.swift */,
				82C08822242B61ED00F50DD1 /* Movies.swift */,
				82C08824242B61FE00F50DD1 /* Genre.swift */,
			);
			path = Model;
			sourceTree = "<group>";
		};
		82C0882B242B91E000F50DD1 /* ViewModel */ = {
			isa = PBXGroup;
			children = (
				82C0882C242B929900F50DD1 /* HomeViewModel.swift */,
				82C08839242C2F2000F50DD1 /* InfoViewModel.swift */,
			);
			path = ViewModel;
			sourceTree = "<group>";
		};
		82C0882E242B96C300F50DD1 /* View */ = {
			isa = PBXGroup;
			children = (
				82C0883C242CD08000F50DD1 /* cell */,
				82C087FF242B580B00F50DD1 /* HomeVC.swift */,
				82C0882F242B993700F50DD1 /* TableViewVC.swift */,
				82C08837242BD60F00F50DD1 /* InfoVC.swift */,
			);
			path = View;
			sourceTree = "<group>";
		};
		82C0883B242CD05300F50DD1 /* SupportFiles */ = {
			isa = PBXGroup;
			children = (
				82C08826242B63A200F50DD1 /* Constants.swift */,
				82C08828242B646000F50DD1 /* Network.swift */,
			);
			path = SupportFiles;
			sourceTree = "<group>";
		};
		82C0883C242CD08000F50DD1 /* cell */ = {
			isa = PBXGroup;
			children = (
				82C08833242B9BB600F50DD1 /* MoviesTableViewCell.xib */,
				82C08834242B9BB600F50DD1 /* MoviesTableViewCell.swift */,
			);
			path = cell;
			sourceTree = "<group>";
		};
		832F724ABA2F4129533A65C3 /* Frameworks */ = {
			isa = PBXGroup;
			children = (
				758E054A83F71A05FC69A6B8 /* libPods-PruebaTecnica.a */,
				7578D22FA08447C394B14431 /* libPods-PruebaTecnicaTests.a */,
			);
			name = Frameworks;
			sourceTree = "<group>";
		};
		BF962E93E3B80529D0E3E165 /* Pods */ = {
			isa = PBXGroup;
			children = (
				F5A32C87CA162358274BBCA0 /* Pods-PruebaTecnica.debug.xcconfig */,
				BEF4943F317D13266BBD1FE0 /* Pods-PruebaTecnica.release.xcconfig */,
				D57651C1ED4593104B38516F /* Pods-PruebaTecnicaTests.debug.xcconfig */,
				8F3A4F62CE3269D02C405220 /* Pods-PruebaTecnicaTests.release.xcconfig */,
			);
			path = Pods;
			sourceTree = "<group>";
		};
/* End PBXGroup section */

/* Begin PBXNativeTarget section */
		82C087F7242B580B00F50DD1 /* PruebaTecnica */ = {
			isa = PBXNativeTarget;
			buildConfigurationList = 82C08817242B580D00F50DD1 /* Build configuration list for PBXNativeTarget "PruebaTecnica" */;
			buildPhases = (
				D70EB584007F1EE449811591 /* [CP] Check Pods Manifest.lock */,
				82C087F4242B580B00F50DD1 /* Sources */,
				82C087F5242B580B00F50DD1 /* Frameworks */,
				82C087F6242B580B00F50DD1 /* Resources */,
				82C0882A242B6DAA00F50DD1 /* ShellScript */,
			);
			buildRules = (
			);
			dependencies = (
			);
			name = PruebaTecnica;
			productName = PruebaTecnica;
			productReference = 82C087F8242B580B00F50DD1 /* PruebaTecnica.app */;
			productType = "com.apple.product-type.application";
		};
		82C0880D242B580D00F50DD1 /* PruebaTecnicaTests */ = {
			isa = PBXNativeTarget;
			buildConfigurationList = 82C0881A242B580D00F50DD1 /* Build configuration list for PBXNativeTarget "PruebaTecnicaTests" */;
			buildPhases = (
				BBEE9256DAED92C110F2779C /* [CP] Check Pods Manifest.lock */,
				82C0880A242B580D00F50DD1 /* Sources */,
				82C0880B242B580D00F50DD1 /* Frameworks */,
				82C0880C242B580D00F50DD1 /* Resources */,
			);
			buildRules = (
			);
			dependencies = (
				82C08810242B580D00F50DD1 /* PBXTargetDependency */,
			);
			name = PruebaTecnicaTests;
			productName = PruebaTecnicaTests;
			productReference = 82C0880E242B580D00F50DD1 /* PruebaTecnicaTests.xctest */;
			productType = "com.apple.product-type.bundle.unit-test";
		};
/* End PBXNativeTarget section */

/* Begin PBXProject section */
		82C087F0242B580B00F50DD1 /* Project object */ = {
			isa = PBXProject;
			attributes = {
				LastSwiftUpdateCheck = 1130;
				LastUpgradeCheck = 1130;
				ORGANIZATIONNAME = "Jose Antonio Aravena";
				TargetAttributes = {
					82C087F7242B580B00F50DD1 = {
						CreatedOnToolsVersion = 11.3.1;
					};
					82C0880D242B580D00F50DD1 = {
						CreatedOnToolsVersion = 11.3.1;
						TestTargetID = 82C087F7242B580B00F50DD1;
					};
				};
			};
			buildConfigurationList = 82C087F3242B580B00F50DD1 /* Build configuration list for PBXProject "PruebaTecnica" */;
			compatibilityVersion = "Xcode 9.3";
			developmentRegion = en;
			hasScannedForEncodings = 0;
			knownRegions = (
				en,
				Base,
			);
			mainGroup = 82C087EF242B580B00F50DD1;
			productRefGroup = 82C087F9242B580B00F50DD1 /* Products */;
			projectDirPath = "";
			projectRoot = "";
			targets = (
				82C087F7242B580B00F50DD1 /* PruebaTecnica */,
				82C0880D242B580D00F50DD1 /* PruebaTecnicaTests */,
			);
		};
/* End PBXProject section */

/* Begin PBXResourcesBuildPhase section */
		82C087F6242B580B00F50DD1 /* Resources */ = {
			isa = PBXResourcesBuildPhase;
			buildActionMask = 2147483647;
			files = (
				82C08808242B580C00F50DD1 /* LaunchScreen.storyboard in Resources */,
				82C08835242B9BB600F50DD1 /* MoviesTableViewCell.xib in Resources */,
			);
			runOnlyForDeploymentPostprocessing = 0;
		};
		82C0880C242B580D00F50DD1 /* Resources */ = {
			isa = PBXResourcesBuildPhase;
			buildActionMask = 2147483647;
			files = (
			);
			runOnlyForDeploymentPostprocessing = 0;
		};
/* End PBXResourcesBuildPhase section */

/* Begin PBXShellScriptBuildPhase section */
		82C0882A242B6DAA00F50DD1 /* ShellScript */ = {
			isa = PBXShellScriptBuildPhase;
			buildActionMask = 2147483647;
			files = (
			);
			inputFileListPaths = (
			);
			inputPaths = (
			);
			outputFileListPaths = (
			);
			outputPaths = (
			);
			runOnlyForDeploymentPostprocessing = 0;
			shellPath = /bin/sh;
			shellScript = "# Type a script or drag a script file from your workspace to insert its path.\n${PODS_ROOT}/SwiftLint/swiftlint\n";
		};
		BBEE9256DAED92C110F2779C /* [CP] Check Pods Manifest.lock */ = {
			isa = PBXShellScriptBuildPhase;
			buildActionMask = 2147483647;
			files = (
			);
			inputFileListPaths = (
			);
			inputPaths = (
				"${PODS_PODFILE_DIR_PATH}/Podfile.lock",
				"${PODS_ROOT}/Manifest.lock",
			);
			name = "[CP] Check Pods Manifest.lock";
			outputFileListPaths = (
			);
			outputPaths = (
				"$(DERIVED_FILE_DIR)/Pods-PruebaTecnicaTests-checkManifestLockResult.txt",
			);
			runOnlyForDeploymentPostprocessing = 0;
			shellPath = /bin/sh;
			shellScript = "diff \"${PODS_PODFILE_DIR_PATH}/Podfile.lock\" \"${PODS_ROOT}/Manifest.lock\" > /dev/null\nif [ $? != 0 ] ; then\n    # print error to STDERR\n    echo \"error: The sandbox is not in sync with the Podfile.lock. Run 'pod install' or update your CocoaPods installation.\" >&2\n    exit 1\nfi\n# This output is used by Xcode 'outputs' to avoid re-running this script phase.\necho \"SUCCESS\" > \"${SCRIPT_OUTPUT_FILE_0}\"\n";
			showEnvVarsInLog = 0;
		};
		D70EB584007F1EE449811591 /* [CP] Check Pods Manifest.lock */ = {
			isa = PBXShellScriptBuildPhase;
			buildActionMask = 2147483647;
			files = (
			);
			inputFileListPaths = (
			);
			inputPaths = (
				"${PODS_PODFILE_DIR_PATH}/Podfile.lock",
				"${PODS_ROOT}/Manifest.lock",
			);
			name = "[CP] Check Pods Manifest.lock";
			outputFileListPaths = (
			);
			outputPaths = (
				"$(DERIVED_FILE_DIR)/Pods-PruebaTecnica-checkManifestLockResult.txt",
			);
			runOnlyForDeploymentPostprocessing = 0;
			shellPath = /bin/sh;
			shellScript = "diff \"${PODS_PODFILE_DIR_PATH}/Podfile.lock\" \"${PODS_ROOT}/Manifest.lock\" > /dev/null\nif [ $? != 0 ] ; then\n    # print error to STDERR\n    echo \"error: The sandbox is not in sync with the Podfile.lock. Run 'pod install' or update your CocoaPods installation.\" >&2\n    exit 1\nfi\n# This output is used by Xcode 'outputs' to avoid re-running this script phase.\necho \"SUCCESS\" > \"${SCRIPT_OUTPUT_FILE_0}\"\n";
			showEnvVarsInLog = 0;
		};
/* End PBXShellScriptBuildPhase section */

/* Begin PBXSourcesBuildPhase section */
		82C087F4242B580B00F50DD1 /* Sources */ = {
			isa = PBXSourcesBuildPhase;
			buildActionMask = 2147483647;
			files = (
				82C0883A242C2F2000F50DD1 /* InfoViewModel.swift in Sources */,
				82C08823242B61ED00F50DD1 /* Movies.swift in Sources */,
				82C0882D242B929900F50DD1 /* HomeViewModel.swift in Sources */,
				82C08800242B580B00F50DD1 /* HomeVC.swift in Sources */,
				82C08829242B646000F50DD1 /* Network.swift in Sources */,
				82C087FC242B580B00F50DD1 /* AppDelegate.swift in Sources */,
				82C08825242B61FE00F50DD1 /* Genre.swift in Sources */,
				82C08836242B9BB600F50DD1 /* MoviesTableViewCell.swift in Sources */,
				82C08830242B993700F50DD1 /* TableViewVC.swift in Sources */,
				82C08827242B63A200F50DD1 /* Constants.swift in Sources */,
				82C08838242BD60F00F50DD1 /* InfoVC.swift in Sources */,
				82C0881F242B5F8500F50DD1 /* Movie.swift in Sources */,
				82C08821242B61D900F50DD1 /* Genres.swift in Sources */,
			);
			runOnlyForDeploymentPostprocessing = 0;
		};
		82C0880A242B580D00F50DD1 /* Sources */ = {
			isa = PBXSourcesBuildPhase;
			buildActionMask = 2147483647;
			files = (
				82C08813242B580D00F50DD1 /* PruebaTecnicaTests.swift in Sources */,
			);
			runOnlyForDeploymentPostprocessing = 0;
		};
/* End PBXSourcesBuildPhase section */

/* Begin PBXTargetDependency section */
		82C08810242B580D00F50DD1 /* PBXTargetDependency */ = {
			isa = PBXTargetDependency;
			target = 82C087F7242B580B00F50DD1 /* PruebaTecnica */;
			targetProxy = 82C0880F242B580D00F50DD1 /* PBXContainerItemProxy */;
		};
/* End PBXTargetDependency section */

/* Begin PBXVariantGroup section */
		82C08806242B580C00F50DD1 /* LaunchScreen.storyboard */ = {
			isa = PBXVariantGroup;
			children = (
				82C08807242B580C00F50DD1 /* Base */,
			);
			name = LaunchScreen.storyboard;
			sourceTree = "<group>";
		};
/* End PBXVariantGroup section */

/* Begin XCBuildConfiguration section */
		82C08815242B580D00F50DD1 /* Debug */ = {
			isa = XCBuildConfiguration;
			buildSettings = {
				ALWAYS_SEARCH_USER_PATHS = NO;
				CLANG_ANALYZER_NONNULL = YES;
				CLANG_ANALYZER_NUMBER_OBJECT_CONVERSION = YES_AGGRESSIVE;
				CLANG_CXX_LANGUAGE_STANDARD = "gnu++14";
				CLANG_CXX_LIBRARY = "libc++";
				CLANG_ENABLE_MODULES = YES;
				CLANG_ENABLE_OBJC_ARC = YES;
				CLANG_ENABLE_OBJC_WEAK = YES;
				CLANG_WARN_BLOCK_CAPTURE_AUTORELEASING = YES;
				CLANG_WARN_BOOL_CONVERSION = YES;
				CLANG_WARN_COMMA = YES;
				CLANG_WARN_CONSTANT_CONVERSION = YES;
				CLANG_WARN_DEPRECATED_OBJC_IMPLEMENTATIONS = YES;
				CLANG_WARN_DIRECT_OBJC_ISA_USAGE = YES_ERROR;
				CLANG_WARN_DOCUMENTATION_COMMENTS = YES;
				CLANG_WARN_EMPTY_BODY = YES;
				CLANG_WARN_ENUM_CONVERSION = YES;
				CLANG_WARN_INFINITE_RECURSION = YES;
				CLANG_WARN_INT_CONVERSION = YES;
				CLANG_WARN_NON_LITERAL_NULL_CONVERSION = YES;
				CLANG_WARN_OBJC_IMPLICIT_RETAIN_SELF = YES;
				CLANG_WARN_OBJC_LITERAL_CONVERSION = YES;
				CLANG_WARN_OBJC_ROOT_CLASS = YES_ERROR;
				CLANG_WARN_RANGE_LOOP_ANALYSIS = YES;
				CLANG_WARN_STRICT_PROTOTYPES = YES;
				CLANG_WARN_SUSPICIOUS_MOVE = YES;
				CLANG_WARN_UNGUARDED_AVAILABILITY = YES_AGGRESSIVE;
				CLANG_WARN_UNREACHABLE_CODE = YES;
				CLANG_WARN__DUPLICATE_METHOD_MATCH = YES;
				COPY_PHASE_STRIP = NO;
				DEBUG_INFORMATION_FORMAT = dwarf;
				ENABLE_STRICT_OBJC_MSGSEND = YES;
				ENABLE_TESTABILITY = YES;
				GCC_C_LANGUAGE_STANDARD = gnu11;
				GCC_DYNAMIC_NO_PIC = NO;
				GCC_NO_COMMON_BLOCKS = YES;
				GCC_OPTIMIZATION_LEVEL = 0;
				GCC_PREPROCESSOR_DEFINITIONS = (
					"DEBUG=1",
					"$(inherited)",
				);
				GCC_WARN_64_TO_32_BIT_CONVERSION = YES;
				GCC_WARN_ABOUT_RETURN_TYPE = YES_ERROR;
				GCC_WARN_UNDECLARED_SELECTOR = YES;
				GCC_WARN_UNINITIALIZED_AUTOS = YES_AGGRESSIVE;
				GCC_WARN_UNUSED_FUNCTION = YES;
				GCC_WARN_UNUSED_VARIABLE = YES;
				IPHONEOS_DEPLOYMENT_TARGET = 13.2;
				MTL_ENABLE_DEBUG_INFO = INCLUDE_SOURCE;
				MTL_FAST_MATH = YES;
				ONLY_ACTIVE_ARCH = YES;
				SDKROOT = iphoneos;
				SWIFT_ACTIVE_COMPILATION_CONDITIONS = DEBUG;
				SWIFT_OPTIMIZATION_LEVEL = "-Onone";
			};
			name = Debug;
		};
		82C08816242B580D00F50DD1 /* Release */ = {
			isa = XCBuildConfiguration;
			buildSettings = {
				ALWAYS_SEARCH_USER_PATHS = NO;
				CLANG_ANALYZER_NONNULL = YES;
				CLANG_ANALYZER_NUMBER_OBJECT_CONVERSION = YES_AGGRESSIVE;
				CLANG_CXX_LANGUAGE_STANDARD = "gnu++14";
				CLANG_CXX_LIBRARY = "libc++";
				CLANG_ENABLE_MODULES = YES;
				CLANG_ENABLE_OBJC_ARC = YES;
				CLANG_ENABLE_OBJC_WEAK = YES;
				CLANG_WARN_BLOCK_CAPTURE_AUTORELEASING = YES;
				CLANG_WARN_BOOL_CONVERSION = YES;
				CLANG_WARN_COMMA = YES;
				CLANG_WARN_CONSTANT_CONVERSION = YES;
				CLANG_WARN_DEPRECATED_OBJC_IMPLEMENTATIONS = YES;
				CLANG_WARN_DIRECT_OBJC_ISA_USAGE = YES_ERROR;
				CLANG_WARN_DOCUMENTATION_COMMENTS = YES;
				CLANG_WARN_EMPTY_BODY = YES;
				CLANG_WARN_ENUM_CONVERSION = YES;
				CLANG_WARN_INFINITE_RECURSION = YES;
				CLANG_WARN_INT_CONVERSION = YES;
				CLANG_WARN_NON_LITERAL_NULL_CONVERSION = YES;
				CLANG_WARN_OBJC_IMPLICIT_RETAIN_SELF = YES;
				CLANG_WARN_OBJC_LITERAL_CONVERSION = YES;
				CLANG_WARN_OBJC_ROOT_CLASS = YES_ERROR;
				CLANG_WARN_RANGE_LOOP_ANALYSIS = YES;
				CLANG_WARN_STRICT_PROTOTYPES = YES;
				CLANG_WARN_SUSPICIOUS_MOVE = YES;
				CLANG_WARN_UNGUARDED_AVAILABILITY = YES_AGGRESSIVE;
				CLANG_WARN_UNREACHABLE_CODE = YES;
				CLANG_WARN__DUPLICATE_METHOD_MATCH = YES;
				COPY_PHASE_STRIP = NO;
				DEBUG_INFORMATION_FORMAT = "dwarf-with-dsym";
				ENABLE_NS_ASSERTIONS = NO;
				ENABLE_STRICT_OBJC_MSGSEND = YES;
				GCC_C_LANGUAGE_STANDARD = gnu11;
				GCC_NO_COMMON_BLOCKS = YES;
				GCC_WARN_64_TO_32_BIT_CONVERSION = YES;
				GCC_WARN_ABOUT_RETURN_TYPE = YES_ERROR;
				GCC_WARN_UNDECLARED_SELECTOR = YES;
				GCC_WARN_UNINITIALIZED_AUTOS = YES_AGGRESSIVE;
				GCC_WARN_UNUSED_FUNCTION = YES;
				GCC_WARN_UNUSED_VARIABLE = YES;
				IPHONEOS_DEPLOYMENT_TARGET = 13.2;
				MTL_ENABLE_DEBUG_INFO = NO;
				MTL_FAST_MATH = YES;
				SDKROOT = iphoneos;
				SWIFT_COMPILATION_MODE = wholemodule;
				SWIFT_OPTIMIZATION_LEVEL = "-O";
				VALIDATE_PRODUCT = YES;
			};
			name = Release;
		};
		82C08818242B580D00F50DD1 /* Debug */ = {
			isa = XCBuildConfiguration;
			baseConfigurationReference = F5A32C87CA162358274BBCA0 /* Pods-PruebaTecnica.debug.xcconfig */;
			buildSettings = {
				CODE_SIGN_STYLE = Automatic;
				DEVELOPMENT_TEAM = 52A6WNJW73;
				INFOPLIST_FILE = PruebaTecnica/Info.plist;
				IPHONEOS_DEPLOYMENT_TARGET = 11.0;
				LD_RUNPATH_SEARCH_PATHS = (
					"$(inherited)",
					"@executable_path/Frameworks",
				);
				PRODUCT_BUNDLE_IDENTIFIER = com.test.jose.antonio.PruebaTecnica;
				PRODUCT_NAME = "$(TARGET_NAME)";
				SWIFT_VERSION = 5.0;
				TARGETED_DEVICE_FAMILY = 1;
			};
			name = Debug;
		};
		82C08819242B580D00F50DD1 /* Release */ = {
			isa = XCBuildConfiguration;
			baseConfigurationReference = BEF4943F317D13266BBD1FE0 /* Pods-PruebaTecnica.release.xcconfig */;
			buildSettings = {
				CODE_SIGN_STYLE = Automatic;
				DEVELOPMENT_TEAM = 52A6WNJW73;
				INFOPLIST_FILE = PruebaTecnica/Info.plist;
				IPHONEOS_DEPLOYMENT_TARGET = 11.0;
				LD_RUNPATH_SEARCH_PATHS = (
					"$(inherited)",
					"@executable_path/Frameworks",
				);
				PRODUCT_BUNDLE_IDENTIFIER = com.test.jose.antonio.PruebaTecnica;
				PRODUCT_NAME = "$(TARGET_NAME)";
				SWIFT_VERSION = 5.0;
				TARGETED_DEVICE_FAMILY = 1;
			};
			name = Release;
		};
		82C0881B242B580D00F50DD1 /* Debug */ = {
			isa = XCBuildConfiguration;
			baseConfigurationReference = D57651C1ED4593104B38516F /* Pods-PruebaTecnicaTests.debug.xcconfig */;
			buildSettings = {
				ALWAYS_EMBED_SWIFT_STANDARD_LIBRARIES = YES;
				BUNDLE_LOADER = "$(TEST_HOST)";
				CODE_SIGN_STYLE = Automatic;
				DEVELOPMENT_TEAM = 52A6WNJW73;
				INFOPLIST_FILE = PruebaTecnicaTests/Info.plist;
				IPHONEOS_DEPLOYMENT_TARGET = 13.2;
				LD_RUNPATH_SEARCH_PATHS = (
					"$(inherited)",
					"@executable_path/Frameworks",
					"@loader_path/Frameworks",
				);
				PRODUCT_BUNDLE_IDENTIFIER = com.test.jose.antonio.PruebaTecnicaTests;
				PRODUCT_NAME = "$(TARGET_NAME)";
				SWIFT_VERSION = 5.0;
				TARGETED_DEVICE_FAMILY = "1,2";
				TEST_HOST = "$(BUILT_PRODUCTS_DIR)/PruebaTecnica.app/PruebaTecnica";
			};
			name = Debug;
		};
		82C0881C242B580D00F50DD1 /* Release */ = {
			isa = XCBuildConfiguration;
			baseConfigurationReference = 8F3A4F62CE3269D02C405220 /* Pods-PruebaTecnicaTests.release.xcconfig */;
			buildSettings = {
				ALWAYS_EMBED_SWIFT_STANDARD_LIBRARIES = YES;
				BUNDLE_LOADER = "$(TEST_HOST)";
				CODE_SIGN_STYLE = Automatic;
				DEVELOPMENT_TEAM = 52A6WNJW73;
				INFOPLIST_FILE = PruebaTecnicaTests/Info.plist;
				IPHONEOS_DEPLOYMENT_TARGET = 13.2;
				LD_RUNPATH_SEARCH_PATHS = (
					"$(inherited)",
					"@executable_path/Frameworks",
					"@loader_path/Frameworks",
				);
				PRODUCT_BUNDLE_IDENTIFIER = com.test.jose.antonio.PruebaTecnicaTests;
				PRODUCT_NAME = "$(TARGET_NAME)";
				SWIFT_VERSION = 5.0;
				TARGETED_DEVICE_FAMILY = "1,2";
				TEST_HOST = "$(BUILT_PRODUCTS_DIR)/PruebaTecnica.app/PruebaTecnica";
			};
			name = Release;
		};
/* End XCBuildConfiguration section */

/* Begin XCConfigurationList section */
		82C087F3242B580B00F50DD1 /* Build configuration list for PBXProject "PruebaTecnica" */ = {
			isa = XCConfigurationList;
			buildConfigurations = (
				82C08815242B580D00F50DD1 /* Debug */,
				82C08816242B580D00F50DD1 /* Release */,
			);
			defaultConfigurationIsVisible = 0;
			defaultConfigurationName = Release;
		};
		82C08817242B580D00F50DD1 /* Build configuration list for PBXNativeTarget "PruebaTecnica" */ = {
			isa = XCConfigurationList;
			buildConfigurations = (
				82C08818242B580D00F50DD1 /* Debug */,
				82C08819242B580D00F50DD1 /* Release */,
			);
			defaultConfigurationIsVisible = 0;
			defaultConfigurationName = Release;
		};
		82C0881A242B580D00F50DD1 /* Build configuration list for PBXNativeTarget "PruebaTecnicaTests" */ = {
			isa = XCConfigurationList;
			buildConfigurations = (
				82C0881B242B580D00F50DD1 /* Debug */,
				82C0881C242B580D00F50DD1 /* Release */,
			);
			defaultConfigurationIsVisible = 0;
			defaultConfigurationName = Release;
		};
/* End XCConfigurationList section */
	};
	rootObject = 82C087F0242B580B00F50DD1 /* Project object */;
}
